// !$*UTF8*$!
{
	archiveVersion = 1;
	classes = {
	};
	objectVersion = 50;
	objects = {

/* Begin PBXBuildFile section */
		16AF63D2270A43B300449690 /* AppDelegate.swift in Sources */ = {isa = PBXBuildFile; fileRef = 16AF63D1270A43B300449690 /* AppDelegate.swift */; };
		16AF63D4270A43B300449690 /* SceneDelegate.swift in Sources */ = {isa = PBXBuildFile; fileRef = 16AF63D3270A43B300449690 /* SceneDelegate.swift */; };
		16AF63D6270A43B300449690 /* ViewController.swift in Sources */ = {isa = PBXBuildFile; fileRef = 16AF63D5270A43B300449690 /* ViewController.swift */; };
		16AF63D9270A43B300449690 /* Main.storyboard in Resources */ = {isa = PBXBuildFile; fileRef = 16AF63D7270A43B300449690 /* Main.storyboard */; };
		16AF63DB270A43B700449690 /* Assets.xcassets in Resources */ = {isa = PBXBuildFile; fileRef = 16AF63DA270A43B700449690 /* Assets.xcassets */; };
		16AF63DE270A43B700449690 /* LaunchScreen.storyboard in Resources */ = {isa = PBXBuildFile; fileRef = 16AF63DC270A43B700449690 /* LaunchScreen.storyboard */; };
/* End PBXBuildFile section */

/* Begin PBXFileReference section */
		16AF63CE270A43B300449690 /* IOS3-HW11-Vitaly Buylushkin.app */ = {isa = PBXFileReference; explicitFileType = wrapper.application; includeInIndex = 0; path = "IOS3-HW11-Vitaly Buylushkin.app"; sourceTree = BUILT_PRODUCTS_DIR; };
		16AF63D1270A43B300449690 /* AppDelegate.swift */ = {isa = PBXFileReference; lastKnownFileType = sourcecode.swift; path = AppDelegate.swift; sourceTree = "<group>"; };
		16AF63D3270A43B300449690 /* SceneDelegate.swift */ = {isa = PBXFileReference; lastKnownFileType = sourcecode.swift; path = SceneDelegate.swift; sourceTree = "<group>"; };
		16AF63D5270A43B300449690 /* ViewController.swift */ = {isa = PBXFileReference; lastKnownFileType = sourcecode.swift; path = ViewController.swift; sourceTree = "<group>"; };
		16AF63D8270A43B300449690 /* Base */ = {isa = PBXFileReference; lastKnownFileType = file.storyboard; name = Base; path = Base.lproj/Main.storyboard; sourceTree = "<group>"; };
		16AF63DA270A43B700449690 /* Assets.xcassets */ = {isa = PBXFileReference; lastKnownFileType = folder.assetcatalog; path = Assets.xcassets; sourceTree = "<group>"; };
		16AF63DD270A43B700449690 /* Base */ = {isa = PBXFileReference; lastKnownFileType = file.storyboard; name = Base; path = Base.lproj/LaunchScreen.storyboard; sourceTree = "<group>"; };
		16AF63DF270A43B700449690 /* Info.plist */ = {isa = PBXFileReference; lastKnownFileType = text.plist.xml; path = Info.plist; sourceTree = "<group>"; };
/* End PBXFileReference section */

/* Begin PBXFrameworksBuildPhase section */
		16AF63CB270A43B300449690 /* Frameworks */ = {
			isa = PBXFrameworksBuildPhase;
			buildActionMask = 2147483647;
			files = (
			);
			runOnlyForDeploymentPostprocessing = 0;
		};
/* End PBXFrameworksBuildPhase section */

/* Begin PBXGroup section */
		16AF63C5270A43B300449690 = {
			isa = PBXGroup;
			children = (
				16AF63D0270A43B300449690 /* IOS3-HW11-Vitaly Buylushkin */,
				16AF63CF270A43B300449690 /* Products */,
			);
			sourceTree = "<group>";
		};
		16AF63CF270A43B300449690 /* Products */ = {
			isa = PBXGroup;
			children = (
				16AF63CE270A43B300449690 /* IOS3-HW11-Vitaly Buylushkin.app */,
			);
			name = Products;
			sourceTree = "<group>";
		};
		16AF63D0270A43B300449690 /* IOS3-HW11-Vitaly Buylushkin */ = {
			isa = PBXGroup;
			children = (
				16AF63D1270A43B300449690 /* AppDelegate.swift */,
				16AF63D3270A43B300449690 /* SceneDelegate.swift */,
				16AF63D5270A43B300449690 /* ViewController.swift */,
				16AF63D7270A43B300449690 /* Main.storyboard */,
				16AF63DA270A43B700449690 /* Assets.xcassets */,
				16AF63DC270A43B700449690 /* LaunchScreen.storyboard */,
				16AF63DF270A43B700449690 /* Info.plist */,
			);
			path = "IOS3-HW11-Vitaly Buylushkin";
			sourceTree = "<group>";
		};
/* End PBXGroup section */

/* Begin PBXNativeTarget section */
		16AF63CD270A43B300449690 /* IOS3-HW11-Vitaly Buylushkin */ = {
			isa = PBXNativeTarget;
			buildConfigurationList = 16AF63E2270A43B700449690 /* Build configuration list for PBXNativeTarget "IOS3-HW11-Vitaly Buylushkin" */;
			buildPhases = (
				16AF63CA270A43B300449690 /* Sources */,
				16AF63CB270A43B300449690 /* Frameworks */,
				16AF63CC270A43B300449690 /* Resources */,
			);
			buildRules = (
			);
			dependencies = (
			);
			name = "IOS3-HW11-Vitaly Buylushkin";
			productName = "IOS3-HW11-Vitaly Buylushkin";
			productReference = 16AF63CE270A43B300449690 /* IOS3-HW11-Vitaly Buylushkin.app */;
			productType = "com.apple.product-type.application";
		};
/* End PBXNativeTarget section */

/* Begin PBXProject section */
		16AF63C6270A43B300449690 /* Project object */ = {
			isa = PBXProject;
			attributes = {
				LastSwiftUpdateCheck = 1250;
				LastUpgradeCheck = 1250;
				TargetAttributes = {
					16AF63CD270A43B300449690 = {
						CreatedOnToolsVersion = 12.5.1;
					};
				};
			};
			buildConfigurationList = 16AF63C9270A43B300449690 /* Build configuration list for PBXProject "IOS3-HW11-Vitaly Buylushkin" */;
			compatibilityVersion = "Xcode 9.3";
			developmentRegion = en;
			hasScannedForEncodings = 0;
			knownRegions = (
				en,
				Base,
			);
			mainGroup = 16AF63C5270A43B300449690;
			productRefGroup = 16AF63CF270A43B300449690 /* Products */;
			projectDirPath = "";
			projectRoot = "";
			targets = (
				16AF63CD270A43B300449690 /* IOS3-HW11-Vitaly Buylushkin */,
			);
		};
/* End PBXProject section */

/* Begin PBXResourcesBuildPhase section */
		16AF63CC270A43B300449690 /* Resources */ = {
			isa = PBXResourcesBuildPhase;
			buildActionMask = 2147483647;
			files = (
				16AF63DE270A43B700449690 /* LaunchScreen.storyboard in Resources */,
				16AF63DB270A43B700449690 /* Assets.xcassets in Resources */,
				16AF63D9270A43B300449690 /* Main.storyboard in Resources */,
			);
			runOnlyForDeploymentPostprocessing = 0;
		};
/* End PBXResourcesBuildPhase section */

/* Begin PBXSourcesBuildPhase section */
		16AF63CA270A43B300449690 /* Sources */ = {
			isa = PBXSourcesBuildPhase;
			buildActionMask = 2147483647;
			files = (
				16AF63D6270A43B300449690 /* ViewController.swift in Sources */,
				16AF63D2270A43B300449690 /* AppDelegate.swift in Sources */,
				16AF63D4270A43B300449690 /* SceneDelegate.swift in Sources */,
			);
			runOnlyForDeploymentPostprocessing = 0;
		};
/* End PBXSourcesBuildPhase section */

/* Begin PBXVariantGroup section */
		16AF63D7270A43B300449690 /* Main.storyboard */ = {
			isa = PBXVariantGroup;
			children = (
				16AF63D8270A43B300449690 /* Base */,
			);
			name = Main.storyboard;
			sourceTree = "<group>";
		};
		16AF63DC270A43B700449690 /* LaunchScreen.storyboard */ = {
			isa = PBXVariantGroup;
			children = (
				16AF63DD270A43B700449690 /* Base */,
			);
			name = LaunchScreen.storyboard;
			sourceTree = "<group>";
		};
/* End PBXVariantGroup section */

/* Begin XCBuildConfiguration section */
		16AF63E0270A43B700449690 /* Debug */ = {
			isa = XCBuildConfiguration;
			buildSettings = {
				ALWAYS_SEARCH_USER_PATHS = NO;
				CLANG_ANALYZER_NONNULL = YES;
				CLANG_ANALYZER_NUMBER_OBJECT_CONVERSION = YES_AGGRESSIVE;
				CLANG_CXX_LANGUAGE_STANDARD = "gnu++14";
				CLANG_CXX_LIBRARY = "libc++";
				CLANG_ENABLE_MODULES = YES;
				CLANG_ENABLE_OBJC_ARC = YES;
				CLANG_ENABLE_OBJC_WEAK = YES;
				CLANG_WARN_BLOCK_CAPTURE_AUTORELEASING = YES;
				CLANG_WARN_BOOL_CONVERSION = YES;
				CLANG_WARN_COMMA = YES;
				CLANG_WARN_CONSTANT_CONVERSION = YES;
				CLANG_WARN_DEPRECATED_OBJC_IMPLEMENTATIONS = YES;
				CLANG_WARN_DIRECT_OBJC_ISA_USAGE = YES_ERROR;
				CLANG_WARN_DOCUMENTATION_COMMENTS = YES;
				CLANG_WARN_EMPTY_BODY = YES;
				CLANG_WARN_ENUM_CONVERSION = YES;
				CLANG_WARN_INFINITE_RECURSION = YES;
				CLANG_WARN_INT_CONVERSION = YES;
				CLANG_WARN_NON_LITERAL_NULL_CONVERSION = YES;
				CLANG_WARN_OBJC_IMPLICIT_RETAIN_SELF = YES;
				CLANG_WARN_OBJC_LITERAL_CONVERSION = YES;
				CLANG_WARN_OBJC_ROOT_CLASS = YES_ERROR;
				CLANG_WARN_QUOTED_INCLUDE_IN_FRAMEWORK_HEADER = YES;
				CLANG_WARN_RANGE_LOOP_ANALYSIS = YES;
				CLANG_WARN_STRICT_PROTOTYPES = YES;
				CLANG_WARN_SUSPICIOUS_MOVE = YES;
				CLANG_WARN_UNGUARDED_AVAILABILITY = YES_AGGRESSIVE;
				CLANG_WARN_UNREACHABLE_CODE = YES;
				CLANG_WARN__DUPLICATE_METHOD_MATCH = YES;
				COPY_PHASE_STRIP = NO;
				DEBUG_INFORMATION_FORMAT = dwarf;
				ENABLE_STRICT_OBJC_MSGSEND = YES;
				ENABLE_TESTABILITY = YES;
				GCC_C_LANGUAGE_STANDARD = gnu11;
				GCC_DYNAMIC_NO_PIC = NO;
				GCC_NO_COMMON_BLOCKS = YES;
				GCC_OPTIMIZATION_LEVEL = 0;
				GCC_PREPROCESSOR_DEFINITIONS = (
					"DEBUG=1",
					"$(inherited)",
				);
				GCC_WARN_64_TO_32_BIT_CONVERSION = YES;
				GCC_WARN_ABOUT_RETURN_TYPE = YES_ERROR;
				GCC_WARN_UNDECLARED_SELECTOR = YES;
				GCC_WARN_UNINITIALIZED_AUTOS = YES_AGGRESSIVE;
				GCC_WARN_UNUSED_FUNCTION = YES;
				GCC_WARN_UNUSED_VARIABLE = YES;
				IPHONEOS_DEPLOYMENT_TARGET = 14.5;
				MTL_ENABLE_DEBUG_INFO = INCLUDE_SOURCE;
				MTL_FAST_MATH = YES;
				ONLY_ACTIVE_ARCH = YES;
				SDKROOT = iphoneos;
				SWIFT_ACTIVE_COMPILATION_CONDITIONS = DEBUG;
				SWIFT_OPTIMIZATION_LEVEL = "-Onone";
			};
			name = Debug;
		};
		16AF63E1270A43B700449690 /* Release */ = {
			isa = XCBuildConfiguration;
			buildSettings = {
				ALWAYS_SEARCH_USER_PATHS = NO;
				CLANG_ANALYZER_NONNULL = YES;
				CLANG_ANALYZER_NUMBER_OBJECT_CONVERSION = YES_AGGRESSIVE;
				CLANG_CXX_LANGUAGE_STANDARD = "gnu++14";
				CLANG_CXX_LIBRARY = "libc++";
				CLANG_ENABLE_MODULES = YES;
				CLANG_ENABLE_OBJC_ARC = YES;
				CLANG_ENABLE_OBJC_WEAK = YES;
				CLANG_WARN_BLOCK_CAPTURE_AUTORELEASING = YES;
				CLANG_WARN_BOOL_CONVERSION = YES;
				CLANG_WARN_COMMA = YES;
				CLANG_WARN_CONSTANT_CONVERSION = YES;
				CLANG_WARN_DEPRECATED_OBJC_IMPLEMENTATIONS = YES;
				CLANG_WARN_DIRECT_OBJC_ISA_USAGE = YES_ERROR;
				CLANG_WARN_DOCUMENTATION_COMMENTS = YES;
				CLANG_WARN_EMPTY_BODY = YES;
				CLANG_WARN_ENUM_CONVERSION = YES;
				CLANG_WARN_INFINITE_RECURSION = YES;
				CLANG_WARN_INT_CONVERSION = YES;
				CLANG_WARN_NON_LITERAL_NULL_CONVERSION = YES;
				CLANG_WARN_OBJC_IMPLICIT_RETAIN_SELF = YES;
				CLANG_WARN_OBJC_LITERAL_CONVERSION = YES;
				CLANG_WARN_OBJC_ROOT_CLASS = YES_ERROR;
				CLANG_WARN_QUOTED_INCLUDE_IN_FRAMEWORK_HEADER = YES;
				CLANG_WARN_RANGE_LOOP_ANALYSIS = YES;
				CLANG_WARN_STRICT_PROTOTYPES = YES;
				CLANG_WARN_SUSPICIOUS_MOVE = YES;
				CLANG_WARN_UNGUARDED_AVAILABILITY = YES_AGGRESSIVE;
				CLANG_WARN_UNREACHABLE_CODE = YES;
				CLANG_WARN__DUPLICATE_METHOD_MATCH = YES;
				COPY_PHASE_STRIP = NO;
				DEBUG_INFORMATION_FORMAT = "dwarf-with-dsym";
				ENABLE_NS_ASSERTIONS = NO;
				ENABLE_STRICT_OBJC_MSGSEND = YES;
				GCC_C_LANGUAGE_STANDARD = gnu11;
				GCC_NO_COMMON_BLOCKS = YES;
				GCC_WARN_64_TO_32_BIT_CONVERSION = YES;
				GCC_WARN_ABOUT_RETURN_TYPE = YES_ERROR;
				GCC_WARN_UNDECLARED_SELECTOR = YES;
				GCC_WARN_UNINITIALIZED_AUTOS = YES_AGGRESSIVE;
				GCC_WARN_UNUSED_FUNCTION = YES;
				GCC_WARN_UNUSED_VARIABLE = YES;
				IPHONEOS_DEPLOYMENT_TARGET = 14.5;
				MTL_ENABLE_DEBUG_INFO = NO;
				MTL_FAST_MATH = YES;
				SDKROOT = iphoneos;
				SWIFT_COMPILATION_MODE = wholemodule;
				SWIFT_OPTIMIZATION_LEVEL = "-O";
				VALIDATE_PRODUCT = YES;
			};
			name = Release;
		};
		16AF63E3270A43B700449690 /* Debug */ = {
			isa = XCBuildConfiguration;
			buildSettings = {
				ASSETCATALOG_COMPILER_APPICON_NAME = AppIcon;
				ASSETCATALOG_COMPILER_GLOBAL_ACCENT_COLOR_NAME = AccentColor;
				CODE_SIGN_STYLE = Automatic;
				DEVELOPMENT_TEAM = 32V77SWY44;
				INFOPLIST_FILE = "IOS3-HW11-Vitaly Buylushkin/Info.plist";
				LD_RUNPATH_SEARCH_PATHS = (
					"$(inherited)",
					"@executable_path/Frameworks",
				);
				PRODUCT_BUNDLE_IDENTIFIER = "com.my.IOS3-HW11-Vitaly-Buylushkin";
				PRODUCT_NAME = "$(TARGET_NAME)";
				SWIFT_VERSION = 5.0;
				TARGETED_DEVICE_FAMILY = "1,2";
			};
			name = Debug;
		};
		16AF63E4270A43B700449690 /* Release */ = {
			isa = XCBuildConfiguration;
			buildSettings = {
				ASSETCATALOG_COMPILER_APPICON_NAME = AppIcon;
				ASSETCATALOG_COMPILER_GLOBAL_ACCENT_COLOR_NAME = AccentColor;
				CODE_SIGN_STYLE = Automatic;
				DEVELOPMENT_TEAM = 32V77SWY44;
				INFOPLIST_FILE = "IOS3-HW11-Vitaly Buylushkin/Info.plist";
				LD_RUNPATH_SEARCH_PATHS = (
					"$(inherited)",
					"@executable_path/Frameworks",
				);
				PRODUCT_BUNDLE_IDENTIFIER = "com.my.IOS3-HW11-Vitaly-Buylushkin";
				PRODUCT_NAME = "$(TARGET_NAME)";
				SWIFT_VERSION = 5.0;
				TARGETED_DEVICE_FAMILY = "1,2";
			};
			name = Release;
		};
/* End XCBuildConfiguration section */

/* Begin XCConfigurationList section */
		16AF63C9270A43B300449690 /* Build configuration list for PBXProject "IOS3-HW11-Vitaly Buylushkin" */ = {
			isa = XCConfigurationList;
			buildConfigurations = (
				16AF63E0270A43B700449690 /* Debug */,
				16AF63E1270A43B700449690 /* Release */,
			);
			defaultConfigurationIsVisible = 0;
			defaultConfigurationName = Release;
		};
		16AF63E2270A43B700449690 /* Build configuration list for PBXNativeTarget "IOS3-HW11-Vitaly Buylushkin" */ = {
			isa = XCConfigurationList;
			buildConfigurations = (
				16AF63E3270A43B700449690 /* Debug */,
				16AF63E4270A43B700449690 /* Release */,
			);
			defaultConfigurationIsVisible = 0;
			defaultConfigurationName = Release;
		};
/* End XCConfigurationList section */
	};
	rootObject = 16AF63C6270A43B300449690 /* Project object */;
}
